{
  "version": 4,
  "terraform_version": "1.3.4",
  "serial": 29,
  "lineage": "42708709-b06e-05a4-a310-1df773d204d9",
  "outputs": {
    "application_ip": {
      "value": [
        "143.198.69.64"
      ],
      "type": [
        "tuple",
        [
          "string"
        ]
      ]
    },
    "frontend_ip": {
      "value": [
        "147.182.252.177"
      ],
      "type": [
        "tuple",
        [
          "string"
        ]
      ]
    }
  },
  "resources": [
    {
      "mode": "data",
      "type": "digitalocean_project",
      "name": "lab_project",
      "provider": "provider[\"registry.terraform.io/digitalocean/digitalocean\"]",
      "instances": [
        {
          "schema_version": 0,
          "attributes": {
            "created_at": "2021-11-16T18:35:29Z",
            "description": "Update your project information under Settings",
            "environment": "",
            "id": "547d705b-fbc1-4d61-aa0c-728e9f7938e2",
            "is_default": true,
            "name": "first-project",
            "owner_id": 10262285,
            "owner_uuid": "e2c18fdd-e593-4064-9cbb-d28f7a82b973",
            "purpose": "",
            "resources": [],
            "updated_at": "2021-11-16T18:35:29Z"
          },
          "sensitive_attributes": []
        }
      ]
    },
    {
      "mode": "data",
      "type": "digitalocean_ssh_key",
      "name": "droplet_ssh_key",
      "provider": "provider[\"registry.terraform.io/digitalocean/digitalocean\"]",
      "instances": [
        {
          "schema_version": 0,
          "attributes": {
            "fingerprint": "29:13:f5:37:9c:3e:b9:99:15:6e:b6:86:f7:e0:d5:4a",
            "id": 36610279,
            "name": "ATTEMPT1000",
            "public_key": "ssh-rsa AAAAB3NzaC1yc2EAAAADAQABAAABgQDMtrg9df80r0Fm8sGSS+KT62kMxMCIptsdyvZAf5orK/dUDDw0WuGwtyP5HcW/enmp2EJYOf1Jg7RYNms1tLhGdXQhgx/LUKACgLfz6OX9lhD5niWFunsmsrT4schIa5ugO885zdJb3qp0DBC6+/9N/35E0z28zIVYwVCRzJy7IruWE0XAJNquDkX0WR86SbqcG7qaxqh99lFGZjfqOT1jj/Z0HK/TSz28d/bObeWhQMxvPhiF+2V+wtY8n3ZhP823JjgPNfjioYzQVhJ0t1MyS1taU9oDvkD1OyFgfFs+UiN1eXvVviZl9l8Pblq1tO2jChmjsQi2Q5gvyhF5kJ2zrfDrBw7Ps5ZSOtgRPc/XN2KY689xObbuAb40IzyeEwbm1WC3N43gLCp4peD/QsHAUXypGAxKM8ujkihnS4oUZbLcAm7jXJV4HszWeL+98kVzOvx8spPOQ4kC2t86P9fCzhxaQrXFNrN7/xIRiBRDP/RUP2XhV4OLys3PIsuVaQk= marku@LAPTOP-KS89UDVK\n"
          },
          "sensitive_attributes": []
        }
      ]
    },
    {
      "mode": "managed",
      "type": "digitalocean_droplet",
      "name": "application-A01264858",
      "provider": "provider[\"registry.terraform.io/digitalocean/digitalocean\"]",
      "instances": [
        {
          "schema_version": 1,
          "attributes": {
            "backups": false,
            "created_at": "2022-12-08T01:09:12Z",
            "disk": 10,
            "droplet_agent": null,
            "graceful_shutdown": false,
            "id": "330147605",
            "image": "rockylinux-9-x64",
            "ipv4_address": "143.198.69.64",
            "ipv4_address_private": "10.46.40.2",
            "ipv6": false,
            "ipv6_address": "",
            "locked": false,
            "memory": 512,
            "monitoring": false,
            "name": "application-A01264858",
            "price_hourly": 0.00595,
            "price_monthly": 4,
            "private_networking": true,
            "region": "sfo3",
            "resize_disk": true,
            "size": "s-1vcpu-512mb-10gb",
            "ssh_keys": [
              "36610279"
            ],
            "status": "active",
            "tags": [
              "A01264858",
              "application"
            ],
            "timeouts": null,
            "urn": "do:droplet:330147605",
            "user_data": null,
            "vcpus": 1,
            "volume_ids": [],
            "vpc_uuid": "0a35e3ea-fcc3-4201-b89a-0ab0dbb0c2c3"
          },
          "sensitive_attributes": [],
          "private": "eyJlMmJmYjczMC1lY2FhLTExZTYtOGY4OC0zNDM2M2JjN2M0YzAiOnsiY3JlYXRlIjozNjAwMDAwMDAwMDAwLCJkZWxldGUiOjYwMDAwMDAwMDAwLCJ1cGRhdGUiOjM2MDAwMDAwMDAwMDB9LCJzY2hlbWFfdmVyc2lvbiI6IjEifQ==",
          "dependencies": [
            "data.digitalocean_ssh_key.droplet_ssh_key",
            "digitalocean_tag.application_tag",
            "digitalocean_tag.student_tag",
            "digitalocean_vpc.web_vpc"
          ],
          "create_before_destroy": true
        }
      ]
    },
    {
      "mode": "managed",
      "type": "digitalocean_droplet",
      "name": "frontend-A01264858",
      "provider": "provider[\"registry.terraform.io/digitalocean/digitalocean\"]",
      "instances": [
        {
          "schema_version": 1,
          "attributes": {
            "backups": false,
            "created_at": "2022-12-08T01:09:13Z",
            "disk": 10,
            "droplet_agent": null,
            "graceful_shutdown": false,
            "id": "330147607",
            "image": "rockylinux-9-x64",
            "ipv4_address": "147.182.252.177",
            "ipv4_address_private": "10.46.40.3",
            "ipv6": false,
            "ipv6_address": "",
            "locked": false,
            "memory": 512,
            "monitoring": false,
            "name": "frontend-A01264858",
            "price_hourly": 0.00595,
            "price_monthly": 4,
            "private_networking": true,
            "region": "sfo3",
            "resize_disk": true,
            "size": "s-1vcpu-512mb-10gb",
            "ssh_keys": [
              "36610279"
            ],
            "status": "active",
            "tags": [
              "A01264858",
              "frontend"
            ],
            "timeouts": null,
            "urn": "do:droplet:330147607",
            "user_data": null,
            "vcpus": 1,
            "volume_ids": [],
            "vpc_uuid": "0a35e3ea-fcc3-4201-b89a-0ab0dbb0c2c3"
          },
          "sensitive_attributes": [],
          "private": "eyJlMmJmYjczMC1lY2FhLTExZTYtOGY4OC0zNDM2M2JjN2M0YzAiOnsiY3JlYXRlIjozNjAwMDAwMDAwMDAwLCJkZWxldGUiOjYwMDAwMDAwMDAwLCJ1cGRhdGUiOjM2MDAwMDAwMDAwMDB9LCJzY2hlbWFfdmVyc2lvbiI6IjEifQ==",
          "dependencies": [
            "data.digitalocean_ssh_key.droplet_ssh_key",
            "digitalocean_tag.frontend_tag",
            "digitalocean_tag.student_tag",
            "digitalocean_vpc.web_vpc"
          ],
          "create_before_destroy": true
        }
      ]
    },
    {
      "mode": "managed",
      "type": "digitalocean_firewall",
      "name": "application-A01264858",
      "provider": "provider[\"registry.terraform.io/digitalocean/digitalocean\"]",
      "instances": [
        {
          "schema_version": 0,
          "attributes": {
            "created_at": "2022-12-08T01:09:43Z",
            "droplet_ids": [
              330147605
            ],
            "id": "df3fb576-db49-47d6-a7bd-21daceebac63",
            "inbound_rule": [
              {
                "port_range": "",
                "protocol": "icmp",
                "source_addresses": [],
                "source_droplet_ids": [],
                "source_kubernetes_ids": [],
                "source_load_balancer_uids": [],
                "source_tags": []
              },
              {
                "port_range": "22",
                "protocol": "tcp",
                "source_addresses": [],
                "source_droplet_ids": [],
                "source_kubernetes_ids": [],
                "source_load_balancer_uids": [],
                "source_tags": []
              }
            ],
            "name": "app-firewall",
            "outbound_rule": [
              {
                "destination_addresses": [
                  "0.0.0.0/0",
                  "::/0"
                ],
                "destination_droplet_ids": [],
                "destination_kubernetes_ids": [],
                "destination_load_balancer_uids": [],
                "destination_tags": [],
                "port_range": "",
                "protocol": "icmp"
              },
              {
                "destination_addresses": [
                  "10.46.40.0/24",
                  "::/0"
                ],
                "destination_droplet_ids": [],
                "destination_kubernetes_ids": [],
                "destination_load_balancer_uids": [],
                "destination_tags": [],
                "port_range": "80",
                "protocol": "tcp"
              }
            ],
            "pending_changes": [],
            "status": "succeeded",
            "tags": null
          },
          "sensitive_attributes": [],
          "private": "bnVsbA==",
          "dependencies": [
            "data.digitalocean_ssh_key.droplet_ssh_key",
            "digitalocean_droplet.application-A01264858",
            "digitalocean_tag.application_tag",
            "digitalocean_tag.student_tag",
            "digitalocean_vpc.web_vpc"
          ]
        }
      ]
    },
    {
      "mode": "managed",
      "type": "digitalocean_firewall",
      "name": "frontend-A01264858",
      "provider": "provider[\"registry.terraform.io/digitalocean/digitalocean\"]",
      "instances": [
        {
          "schema_version": 0,
          "attributes": {
            "created_at": "2022-12-08T01:09:55Z",
            "droplet_ids": [
              330147607
            ],
            "id": "46712834-4cb8-4ea4-9868-020bfaec8b83",
            "inbound_rule": [
              {
                "port_range": "",
                "protocol": "icmp",
                "source_addresses": [],
                "source_droplet_ids": [],
                "source_kubernetes_ids": [],
                "source_load_balancer_uids": [],
                "source_tags": []
              },
              {
                "port_range": "22",
                "protocol": "tcp",
                "source_addresses": [],
                "source_droplet_ids": [],
                "source_kubernetes_ids": [],
                "source_load_balancer_uids": [],
                "source_tags": []
              },
              {
                "port_range": "80",
                "protocol": "tcp",
                "source_addresses": [],
                "source_droplet_ids": [],
                "source_kubernetes_ids": [],
                "source_load_balancer_uids": [],
                "source_tags": []
              }
            ],
            "name": "frontend-firewall",
            "outbound_rule": [
              {
                "destination_addresses": [
                  "0.0.0.0/0",
                  "::/0"
                ],
                "destination_droplet_ids": [],
                "destination_kubernetes_ids": [],
                "destination_load_balancer_uids": [],
                "destination_tags": [],
                "port_range": "",
                "protocol": "icmp"
              },
              {
                "destination_addresses": [
                  "0.0.0.0/0",
                  "::/0"
                ],
                "destination_droplet_ids": [],
                "destination_kubernetes_ids": [],
                "destination_load_balancer_uids": [],
                "destination_tags": [],
                "port_range": "80",
                "protocol": "tcp"
              }
            ],
            "pending_changes": [
              {
                "droplet_id": 330147607,
                "removing": false,
                "status": "waiting"
              }
            ],
            "status": "waiting",
            "tags": null
          },
          "sensitive_attributes": [],
          "private": "bnVsbA==",
          "dependencies": [
            "data.digitalocean_ssh_key.droplet_ssh_key",
            "digitalocean_droplet.frontend-A01264858",
            "digitalocean_tag.frontend_tag",
            "digitalocean_tag.student_tag",
            "digitalocean_vpc.web_vpc"
          ]
        }
      ]
    },
    {
      "mode": "managed",
      "type": "digitalocean_project_resources",
      "name": "project_attach",
      "provider": "provider[\"registry.terraform.io/digitalocean/digitalocean\"]",
      "instances": [
        {
          "schema_version": 0,
          "attributes": {
            "id": "547d705b-fbc1-4d61-aa0c-728e9f7938e2",
            "project": "547d705b-fbc1-4d61-aa0c-728e9f7938e2",
            "resources": [
              "do:droplet:330147605",
              "do:droplet:330147607"
            ]
          },
          "sensitive_attributes": [],
          "private": "bnVsbA==",
          "dependencies": [
            "data.digitalocean_project.lab_project",
            "data.digitalocean_ssh_key.droplet_ssh_key",
            "digitalocean_droplet.application-A01264858",
            "digitalocean_droplet.frontend-A01264858",
            "digitalocean_tag.application_tag",
            "digitalocean_tag.frontend_tag",
            "digitalocean_tag.student_tag",
            "digitalocean_vpc.web_vpc"
          ]
        }
      ]
    },
    {
      "mode": "managed",
      "type": "digitalocean_tag",
      "name": "application_tag",
      "provider": "provider[\"registry.terraform.io/digitalocean/digitalocean\"]",
      "instances": [
        {
          "schema_version": 0,
          "attributes": {
            "databases_count": 0,
            "droplets_count": 0,
            "id": "application",
            "images_count": 0,
            "name": "application",
            "total_resource_count": 0,
            "volume_snapshots_count": 0,
            "volumes_count": 0
          },
          "sensitive_attributes": [],
          "private": "bnVsbA==",
          "create_before_destroy": true
        }
      ]
    },
    {
      "mode": "managed",
      "type": "digitalocean_tag",
      "name": "frontend_tag",
      "provider": "provider[\"registry.terraform.io/digitalocean/digitalocean\"]",
      "instances": [
        {
          "schema_version": 0,
          "attributes": {
            "databases_count": 0,
            "droplets_count": 0,
            "id": "frontend",
            "images_count": 0,
            "name": "frontend",
            "total_resource_count": 0,
            "volume_snapshots_count": 0,
            "volumes_count": 0
          },
          "sensitive_attributes": [],
          "private": "bnVsbA==",
          "create_before_destroy": true
        }
      ]
    },
    {
      "mode": "managed",
      "type": "digitalocean_tag",
      "name": "student_tag",
      "provider": "provider[\"registry.terraform.io/digitalocean/digitalocean\"]",
      "instances": [
        {
          "schema_version": 0,
          "attributes": {
            "databases_count": 0,
            "droplets_count": 0,
            "id": "A01264858",
            "images_count": 0,
            "name": "A01264858",
            "total_resource_count": 0,
            "volume_snapshots_count": 0,
            "volumes_count": 0
          },
          "sensitive_attributes": [],
          "private": "bnVsbA==",
          "create_before_destroy": true
        }
      ]
    },
    {
      "mode": "managed",
      "type": "digitalocean_vpc",
      "name": "web_vpc",
      "provider": "provider[\"registry.terraform.io/digitalocean/digitalocean\"]",
      "instances": [
        {
          "schema_version": 0,
          "attributes": {
            "created_at": "2022-12-08 01:07:11 +0000 UTC",
            "default": false,
            "description": "",
            "id": "0a35e3ea-fcc3-4201-b89a-0ab0dbb0c2c3",
            "ip_range": "10.46.40.0/24",
            "name": "4640labs",
            "region": "sfo3",
            "timeouts": null,
            "urn": "do:vpc:0a35e3ea-fcc3-4201-b89a-0ab0dbb0c2c3"
          },
          "sensitive_attributes": [],
          "private": "eyJlMmJmYjczMC1lY2FhLTExZTYtOGY4OC0zNDM2M2JjN2M0YzAiOnsiZGVsZXRlIjoxMjAwMDAwMDAwMDB9fQ==",
          "create_before_destroy": true
        }
      ]
    }
  ],
  "check_results": null
}
